// !$*UTF8*$!
{
	archiveVersion = 1;
	classes = {
	};
	objectVersion = 50;
	objects = {

/* Begin PBXBuildFile section */
		32C443D32505FFF400CEE6CF /* AppDelegate.swift in Sources */ = {isa = PBXBuildFile; fileRef = 32C443D22505FFF400CEE6CF /* AppDelegate.swift */; };
		32C443D52505FFF400CEE6CF /* SceneDelegate.swift in Sources */ = {isa = PBXBuildFile; fileRef = 32C443D42505FFF400CEE6CF /* SceneDelegate.swift */; };
		32C443D72505FFF400CEE6CF /* ViewController.swift in Sources */ = {isa = PBXBuildFile; fileRef = 32C443D62505FFF400CEE6CF /* ViewController.swift */; };
		32C443DA2505FFF400CEE6CF /* Main.storyboard in Resources */ = {isa = PBXBuildFile; fileRef = 32C443D82505FFF400CEE6CF /* Main.storyboard */; };
		32C443DC2505FFF600CEE6CF /* Assets.xcassets in Resources */ = {isa = PBXBuildFile; fileRef = 32C443DB2505FFF600CEE6CF /* Assets.xcassets */; };
		32C443DF2505FFF600CEE6CF /* LaunchScreen.storyboard in Resources */ = {isa = PBXBuildFile; fileRef = 32C443DD2505FFF600CEE6CF /* LaunchScreen.storyboard */; };
		32D403CB252B22F7006F96F2 /* JVDrawingLayer.m in Sources */ = {isa = PBXBuildFile; fileRef = 32D403CA252B22F7006F96F2 /* JVDrawingLayer.m */; };
		32D403CD252B23BA006F96F2 /* JVDrawingView.m in Sources */ = {isa = PBXBuildFile; fileRef = 32D403CC252B23BA006F96F2 /* JVDrawingView.m */; };
/* End PBXBuildFile section */

/* Begin PBXFileReference section */
		32ABBD732507724200AAC4D4 /* RecordVideo-Bridging-Header.h */ = {isa = PBXFileReference; lastKnownFileType = sourcecode.c.h; path = "RecordVideo-Bridging-Header.h"; sourceTree = "<group>"; };
		32C443CF2505FFF400CEE6CF /* RecordVideo.app */ = {isa = PBXFileReference; explicitFileType = wrapper.application; includeInIndex = 0; path = RecordVideo.app; sourceTree = BUILT_PRODUCTS_DIR; };
		32C443D22505FFF400CEE6CF /* AppDelegate.swift */ = {isa = PBXFileReference; lastKnownFileType = sourcecode.swift; path = AppDelegate.swift; sourceTree = "<group>"; };
		32C443D42505FFF400CEE6CF /* SceneDelegate.swift */ = {isa = PBXFileReference; lastKnownFileType = sourcecode.swift; path = SceneDelegate.swift; sourceTree = "<group>"; };
		32C443D62505FFF400CEE6CF /* ViewController.swift */ = {isa = PBXFileReference; lastKnownFileType = sourcecode.swift; path = ViewController.swift; sourceTree = "<group>"; };
		32C443D92505FFF400CEE6CF /* Base */ = {isa = PBXFileReference; lastKnownFileType = file.storyboard; name = Base; path = Base.lproj/Main.storyboard; sourceTree = "<group>"; };
		32C443DB2505FFF600CEE6CF /* Assets.xcassets */ = {isa = PBXFileReference; lastKnownFileType = folder.assetcatalog; path = Assets.xcassets; sourceTree = "<group>"; };
		32C443DE2505FFF600CEE6CF /* Base */ = {isa = PBXFileReference; lastKnownFileType = file.storyboard; name = Base; path = Base.lproj/LaunchScreen.storyboard; sourceTree = "<group>"; };
		32C443E02505FFF600CEE6CF /* Info.plist */ = {isa = PBXFileReference; lastKnownFileType = text.plist.xml; path = Info.plist; sourceTree = "<group>"; };
		32D403C9252B22EF006F96F2 /* JVDrawingLayer.h */ = {isa = PBXFileReference; lastKnownFileType = sourcecode.c.h; path = JVDrawingLayer.h; sourceTree = "<group>"; };
		32D403CA252B22F7006F96F2 /* JVDrawingLayer.m */ = {isa = PBXFileReference; fileEncoding = 4; lastKnownFileType = sourcecode.c.objc; path = JVDrawingLayer.m; sourceTree = "<group>"; };
		32D403CC252B23BA006F96F2 /* JVDrawingView.m */ = {isa = PBXFileReference; fileEncoding = 4; lastKnownFileType = sourcecode.c.objc; path = JVDrawingView.m; sourceTree = "<group>"; };
		32D403CE252B23C5006F96F2 /* JVDrawingView.h */ = {isa = PBXFileReference; lastKnownFileType = sourcecode.c.h; path = JVDrawingView.h; sourceTree = "<group>"; };
/* End PBXFileReference section */

/* Begin PBXFrameworksBuildPhase section */
		32C443CC2505FFF400CEE6CF /* Frameworks */ = {
			isa = PBXFrameworksBuildPhase;
			buildActionMask = 2147483647;
			files = (
			);
			runOnlyForDeploymentPostprocessing = 0;
		};
/* End PBXFrameworksBuildPhase section */

/* Begin PBXGroup section */
		32C443C62505FFF400CEE6CF = {
			isa = PBXGroup;
			children = (
				32C443D12505FFF400CEE6CF /* RecordVideo */,
				32C443D02505FFF400CEE6CF /* Products */,
			);
			sourceTree = "<group>";
		};
		32C443D02505FFF400CEE6CF /* Products */ = {
			isa = PBXGroup;
			children = (
				32C443CF2505FFF400CEE6CF /* RecordVideo.app */,
			);
			name = Products;
			sourceTree = "<group>";
		};
		32C443D12505FFF400CEE6CF /* RecordVideo */ = {
			isa = PBXGroup;
			children = (
				32D403CE252B23C5006F96F2 /* JVDrawingView.h */,
				32D403CC252B23BA006F96F2 /* JVDrawingView.m */,
				32D403CA252B22F7006F96F2 /* JVDrawingLayer.m */,
				32D403C9252B22EF006F96F2 /* JVDrawingLayer.h */,
				32C443D22505FFF400CEE6CF /* AppDelegate.swift */,
				32C443D42505FFF400CEE6CF /* SceneDelegate.swift */,
				32C443D62505FFF400CEE6CF /* ViewController.swift */,
				32C443D82505FFF400CEE6CF /* Main.storyboard */,
				32C443DB2505FFF600CEE6CF /* Assets.xcassets */,
				32C443DD2505FFF600CEE6CF /* LaunchScreen.storyboard */,
				32C443E02505FFF600CEE6CF /* Info.plist */,
				32ABBD732507724200AAC4D4 /* RecordVideo-Bridging-Header.h */,
			);
			path = RecordVideo;
			sourceTree = "<group>";
		};
/* End PBXGroup section */

/* Begin PBXNativeTarget section */
		32C443CE2505FFF400CEE6CF /* RecordVideo */ = {
			isa = PBXNativeTarget;
			buildConfigurationList = 32C443E32505FFF600CEE6CF /* Build configuration list for PBXNativeTarget "RecordVideo" */;
			buildPhases = (
				32C443CB2505FFF400CEE6CF /* Sources */,
				32C443CC2505FFF400CEE6CF /* Frameworks */,
				32C443CD2505FFF400CEE6CF /* Resources */,
			);
			buildRules = (
			);
			dependencies = (
			);
			name = RecordVideo;
			productName = RecordVideo;
			productReference = 32C443CF2505FFF400CEE6CF /* RecordVideo.app */;
			productType = "com.apple.product-type.application";
		};
/* End PBXNativeTarget section */

/* Begin PBXProject section */
		32C443C72505FFF400CEE6CF /* Project object */ = {
			isa = PBXProject;
			attributes = {
				LastSwiftUpdateCheck = 1130;
				LastUpgradeCheck = 1130;
				ORGANIZATIONNAME = perfomatix;
				TargetAttributes = {
					32C443CE2505FFF400CEE6CF = {
						CreatedOnToolsVersion = 11.3.1;
						LastSwiftMigration = 1130;
					};
				};
			};
			buildConfigurationList = 32C443CA2505FFF400CEE6CF /* Build configuration list for PBXProject "RecordVideo" */;
			compatibilityVersion = "Xcode 9.3";
			developmentRegion = en;
			hasScannedForEncodings = 0;
			knownRegions = (
				en,
				Base,
			);
			mainGroup = 32C443C62505FFF400CEE6CF;
			productRefGroup = 32C443D02505FFF400CEE6CF /* Products */;
			projectDirPath = "";
			projectRoot = "";
			targets = (
				32C443CE2505FFF400CEE6CF /* RecordVideo */,
			);
		};
/* End PBXProject section */

/* Begin PBXResourcesBuildPhase section */
		32C443CD2505FFF400CEE6CF /* Resources */ = {
			isa = PBXResourcesBuildPhase;
			buildActionMask = 2147483647;
			files = (
				32C443DF2505FFF600CEE6CF /* LaunchScreen.storyboard in Resources */,
				32C443DC2505FFF600CEE6CF /* Assets.xcassets in Resources */,
				32C443DA2505FFF400CEE6CF /* Main.storyboard in Resources */,
			);
			runOnlyForDeploymentPostprocessing = 0;
		};
/* End PBXResourcesBuildPhase section */

/* Begin PBXSourcesBuildPhase section */
		32C443CB2505FFF400CEE6CF /* Sources */ = {
			isa = PBXSourcesBuildPhase;
			buildActionMask = 2147483647;
			files = (
				32D403CB252B22F7006F96F2 /* JVDrawingLayer.m in Sources */,
				32C443D72505FFF400CEE6CF /* ViewController.swift in Sources */,
				32C443D32505FFF400CEE6CF /* AppDelegate.swift in Sources */,
				32D403CD252B23BA006F96F2 /* JVDrawingView.m in Sources */,
				32C443D52505FFF400CEE6CF /* SceneDelegate.swift in Sources */,
			);
			runOnlyForDeploymentPostprocessing = 0;
		};
/* End PBXSourcesBuildPhase section */

/* Begin PBXVariantGroup section */
		32C443D82505FFF400CEE6CF /* Main.storyboard */ = {
			isa = PBXVariantGroup;
			children = (
				32C443D92505FFF400CEE6CF /* Base */,
			);
			name = Main.storyboard;
			sourceTree = "<group>";
		};
		32C443DD2505FFF600CEE6CF /* LaunchScreen.storyboard */ = {
			isa = PBXVariantGroup;
			children = (
				32C443DE2505FFF600CEE6CF /* Base */,
			);
			name = LaunchScreen.storyboard;
			sourceTree = "<group>";
		};
/* End PBXVariantGroup section */

/* Begin XCBuildConfiguration section */
		32C443E12505FFF600CEE6CF /* Debug */ = {
			isa = XCBuildConfiguration;
			buildSettings = {
				ALWAYS_SEARCH_USER_PATHS = NO;
				CLANG_ANALYZER_NONNULL = YES;
				CLANG_ANALYZER_NUMBER_OBJECT_CONVERSION = YES_AGGRESSIVE;
				CLANG_CXX_LANGUAGE_STANDARD = "gnu++14";
				CLANG_CXX_LIBRARY = "libc++";
				CLANG_ENABLE_MODULES = YES;
				CLANG_ENABLE_OBJC_ARC = YES;
				CLANG_ENABLE_OBJC_WEAK = YES;
				CLANG_WARN_BLOCK_CAPTURE_AUTORELEASING = YES;
				CLANG_WARN_BOOL_CONVERSION = YES;
				CLANG_WARN_COMMA = YES;
				CLANG_WARN_CONSTANT_CONVERSION = YES;
				CLANG_WARN_DEPRECATED_OBJC_IMPLEMENTATIONS = YES;
				CLANG_WARN_DIRECT_OBJC_ISA_USAGE = YES_ERROR;
				CLANG_WARN_DOCUMENTATION_COMMENTS = YES;
				CLANG_WARN_EMPTY_BODY = YES;
				CLANG_WARN_ENUM_CONVERSION = YES;
				CLANG_WARN_INFINITE_RECURSION = YES;
				CLANG_WARN_INT_CONVERSION = YES;
				CLANG_WARN_NON_LITERAL_NULL_CONVERSION = YES;
				CLANG_WARN_OBJC_IMPLICIT_RETAIN_SELF = YES;
				CLANG_WARN_OBJC_LITERAL_CONVERSION = YES;
				CLANG_WARN_OBJC_ROOT_CLASS = YES_ERROR;
				CLANG_WARN_RANGE_LOOP_ANALYSIS = YES;
				CLANG_WARN_STRICT_PROTOTYPES = YES;
				CLANG_WARN_SUSPICIOUS_MOVE = YES;
				CLANG_WARN_UNGUARDED_AVAILABILITY = YES_AGGRESSIVE;
				CLANG_WARN_UNREACHABLE_CODE = YES;
				CLANG_WARN__DUPLICATE_METHOD_MATCH = YES;
				COPY_PHASE_STRIP = NO;
				DEBUG_INFORMATION_FORMAT = dwarf;
				ENABLE_STRICT_OBJC_MSGSEND = YES;
				ENABLE_TESTABILITY = YES;
				GCC_C_LANGUAGE_STANDARD = gnu11;
				GCC_DYNAMIC_NO_PIC = NO;
				GCC_NO_COMMON_BLOCKS = YES;
				GCC_OPTIMIZATION_LEVEL = 0;
				GCC_PREPROCESSOR_DEFINITIONS = (
					"DEBUG=1",
					"$(inherited)",
				);
				GCC_WARN_64_TO_32_BIT_CONVERSION = YES;
				GCC_WARN_ABOUT_RETURN_TYPE = YES_ERROR;
				GCC_WARN_UNDECLARED_SELECTOR = YES;
				GCC_WARN_UNINITIALIZED_AUTOS = YES_AGGRESSIVE;
				GCC_WARN_UNUSED_FUNCTION = YES;
				GCC_WARN_UNUSED_VARIABLE = YES;
				IPHONEOS_DEPLOYMENT_TARGET = 13.2;
				MTL_ENABLE_DEBUG_INFO = INCLUDE_SOURCE;
				MTL_FAST_MATH = YES;
				ONLY_ACTIVE_ARCH = YES;
				SDKROOT = iphoneos;
				SWIFT_ACTIVE_COMPILATION_CONDITIONS = DEBUG;
				SWIFT_OPTIMIZATION_LEVEL = "-Onone";
			};
			name = Debug;
		};
		32C443E22505FFF600CEE6CF /* Release */ = {
			isa = XCBuildConfiguration;
			buildSettings = {
				ALWAYS_SEARCH_USER_PATHS = NO;
				CLANG_ANALYZER_NONNULL = YES;
				CLANG_ANALYZER_NUMBER_OBJECT_CONVERSION = YES_AGGRESSIVE;
				CLANG_CXX_LANGUAGE_STANDARD = "gnu++14";
				CLANG_CXX_LIBRARY = "libc++";
				CLANG_ENABLE_MODULES = YES;
				CLANG_ENABLE_OBJC_ARC = YES;
				CLANG_ENABLE_OBJC_WEAK = YES;
				CLANG_WARN_BLOCK_CAPTURE_AUTORELEASING = YES;
				CLANG_WARN_BOOL_CONVERSION = YES;
				CLANG_WARN_COMMA = YES;
				CLANG_WARN_CONSTANT_CONVERSION = YES;
				CLANG_WARN_DEPRECATED_OBJC_IMPLEMENTATIONS = YES;
				CLANG_WARN_DIRECT_OBJC_ISA_USAGE = YES_ERROR;
				CLANG_WARN_DOCUMENTATION_COMMENTS = YES;
				CLANG_WARN_EMPTY_BODY = YES;
				CLANG_WARN_ENUM_CONVERSION = YES;
				CLANG_WARN_INFINITE_RECURSION = YES;
				CLANG_WARN_INT_CONVERSION = YES;
				CLANG_WARN_NON_LITERAL_NULL_CONVERSION = YES;
				CLANG_WARN_OBJC_IMPLICIT_RETAIN_SELF = YES;
				CLANG_WARN_OBJC_LITERAL_CONVERSION = YES;
				CLANG_WARN_OBJC_ROOT_CLASS = YES_ERROR;
				CLANG_WARN_RANGE_LOOP_ANALYSIS = YES;
				CLANG_WARN_STRICT_PROTOTYPES = YES;
				CLANG_WARN_SUSPICIOUS_MOVE = YES;
				CLANG_WARN_UNGUARDED_AVAILABILITY = YES_AGGRESSIVE;
				CLANG_WARN_UNREACHABLE_CODE = YES;
				CLANG_WARN__DUPLICATE_METHOD_MATCH = YES;
				COPY_PHASE_STRIP = NO;
				DEBUG_INFORMATION_FORMAT = "dwarf-with-dsym";
				ENABLE_NS_ASSERTIONS = NO;
				ENABLE_STRICT_OBJC_MSGSEND = YES;
				GCC_C_LANGUAGE_STANDARD = gnu11;
				GCC_NO_COMMON_BLOCKS = YES;
				GCC_WARN_64_TO_32_BIT_CONVERSION = YES;
				GCC_WARN_ABOUT_RETURN_TYPE = YES_ERROR;
				GCC_WARN_UNDECLARED_SELECTOR = YES;
				GCC_WARN_UNINITIALIZED_AUTOS = YES_AGGRESSIVE;
				GCC_WARN_UNUSED_FUNCTION = YES;
				GCC_WARN_UNUSED_VARIABLE = YES;
				IPHONEOS_DEPLOYMENT_TARGET = 13.2;
				MTL_ENABLE_DEBUG_INFO = NO;
				MTL_FAST_MATH = YES;
				SDKROOT = iphoneos;
				SWIFT_COMPILATION_MODE = wholemodule;
				SWIFT_OPTIMIZATION_LEVEL = "-O";
				VALIDATE_PRODUCT = YES;
			};
			name = Release;
		};
		32C443E42505FFF600CEE6CF /* Debug */ = {
			isa = XCBuildConfiguration;
			buildSettings = {
				ASSETCATALOG_COMPILER_APPICON_NAME = AppIcon;
				CLANG_ENABLE_MODULES = YES;
				CODE_SIGN_STYLE = Automatic;
				DEVELOPMENT_TEAM = ZBA4HSBAFZ;
				INFOPLIST_FILE = RecordVideo/Info.plist;
				LD_RUNPATH_SEARCH_PATHS = (
					"$(inherited)",
					"@executable_path/Frameworks",
				);
				PRODUCT_BUNDLE_IDENTIFIER = com.perfomatix.RecordVideo;
				PRODUCT_NAME = "$(TARGET_NAME)";
				SWIFT_OBJC_BRIDGING_HEADER = "RecordVideo/RecordVideo-Bridging-Header.h";
				SWIFT_OPTIMIZATION_LEVEL = "-Onone";
				SWIFT_VERSION = 5.0;
				TARGETED_DEVICE_FAMILY = "1,2";
			};
			name = Debug;
		};
		32C443E52505FFF600CEE6CF /* Release */ = {
			isa = XCBuildConfiguration;
			buildSettings = {
				ASSETCATALOG_COMPILER_APPICON_NAME = AppIcon;
				CLANG_ENABLE_MODULES = YES;
				CODE_SIGN_STYLE = Automatic;
				DEVELOPMENT_TEAM = ZBA4HSBAFZ;
				INFOPLIST_FILE = RecordVideo/Info.plist;
				LD_RUNPATH_SEARCH_PATHS = (
					"$(inherited)",
					"@executable_path/Frameworks",
				);
				PRODUCT_BUNDLE_IDENTIFIER = com.perfomatix.RecordVideo;
				PRODUCT_NAME = "$(TARGET_NAME)";
				SWIFT_OBJC_BRIDGING_HEADER = "RecordVideo/RecordVideo-Bridging-Header.h";
				SWIFT_VERSION = 5.0;
				TARGETED_DEVICE_FAMILY = "1,2";
			};
			name = Release;
		};
/* End XCBuildConfiguration section */

/* Begin XCConfigurationList section */
		32C443CA2505FFF400CEE6CF /* Build configuration list for PBXProject "RecordVideo" */ = {
			isa = XCConfigurationList;
			buildConfigurations = (
				32C443E12505FFF600CEE6CF /* Debug */,
				32C443E22505FFF600CEE6CF /* Release */,
			);
			defaultConfigurationIsVisible = 0;
			defaultConfigurationName = Release;
		};
		32C443E32505FFF600CEE6CF /* Build configuration list for PBXNativeTarget "RecordVideo" */ = {
			isa = XCConfigurationList;
			buildConfigurations = (
				32C443E42505FFF600CEE6CF /* Debug */,
				32C443E52505FFF600CEE6CF /* Release */,
			);
			defaultConfigurationIsVisible = 0;
			defaultConfigurationName = Release;
		};
/* End XCConfigurationList section */
	};
	rootObject = 32C443C72505FFF400CEE6CF /* Project object */;
}
